
Microsoft Visual Studio Solution File, Format Version 12.00
# Visual Studio 2012
Project("{FAE04EC0-301F-11D3-BF4B-00C04F79EFBC}") = "CustomsAtom", "ProTemplate\CustomsAtom.csproj", "{D3B6AC8D-A911-49E9-811A-A1F679769FE8}"
	ProjectSection(ProjectDependencies) = postProject
		{7D3DB29F-13C3-4108-B567-4526ABFEF2E5} = {7D3DB29F-13C3-4108-B567-4526ABFEF2E5}
	EndProjectSection
EndProject
Project("{FAE04EC0-301F-11D3-BF4B-00C04F79EFBC}") = "CustomsAtom.Web", "ProTemplate.Web\CustomsAtom.Web.csproj", "{7D3DB29F-13C3-4108-B567-4526ABFEF2E5}"
EndProject
Project("{FAE04EC0-301F-11D3-BF4B-00C04F79EFBC}") = "CustomsAtomMobileSite", "CustomsAtomMobileSite\CustomsAtomMobileSite.csproj", "{8D50A617-BC63-48E5-9621-5471DDCE29CC}"
EndProject
Global
	GlobalSection(TeamFoundationVersionControl) = preSolution
		SccNumberOfProjects = 4
		SccEnterpriseProvider = {4CA58AB2-18FA-4F8D-95D4-32DDF27D184C}
		SccTeamFoundationServer = https://tfs.codeplex.com/tfs/tfs30
		SccLocalPath0 = .
		SccProjectUniqueName1 = ProTemplate\\CustomsAtom.csproj
		SccProjectName1 = ProTemplate
		SccLocalPath1 = ProTemplate
		SccProjectUniqueName2 = ProTemplate.Web\\CustomsAtom.Web.csproj
		SccProjectName2 = ProTemplate.Web
		SccLocalPath2 = ProTemplate.Web
		SccProjectUniqueName3 = CustomsAtomMobileSite\\CustomsAtomMobileSite.csproj
		SccProjectName3 = CustomsAtomMobileSite
		SccLocalPath3 = CustomsAtomMobileSite
	EndGlobalSection
	GlobalSection(SolutionConfigurationPlatforms) = preSolution
		Debug|Any CPU = Debug|Any CPU
		Release|Any CPU = Release|Any CPU
	EndGlobalSection
	GlobalSection(ProjectConfigurationPlatforms) = postSolution
		{D3B6AC8D-A911-49E9-811A-A1F679769FE8}.Debug|Any CPU.ActiveCfg = Debug|Any CPU
		{D3B6AC8D-A911-49E9-811A-A1F679769FE8}.Debug|Any CPU.Build.0 = Debug|Any CPU
		{D3B6AC8D-A911-49E9-811A-A1F679769FE8}.Release|Any CPU.ActiveCfg = Release|Any CPU
		{D3B6AC8D-A911-49E9-811A-A1F679769FE8}.Release|Any CPU.Build.0 = Release|Any CPU
		{7D3DB29F-13C3-4108-B567-4526ABFEF2E5}.Debug|Any CPU.ActiveCfg = Debug|Any CPU
		{7D3DB29F-13C3-4108-B567-4526ABFEF2E5}.Debug|Any CPU.Build.0 = Debug|Any CPU
		{7D3DB29F-13C3-4108-B567-4526ABFEF2E5}.Release|Any CPU.ActiveCfg = Release|Any CPU
		{7D3DB29F-13C3-4108-B567-4526ABFEF2E5}.Release|Any CPU.Build.0 = Release|Any CPU
		{8D50A617-BC63-48E5-9621-5471DDCE29CC}.Debug|Any CPU.ActiveCfg = Debug|Any CPU
		{8D50A617-BC63-48E5-9621-5471DDCE29CC}.Debug|Any CPU.Build.0 = Debug|Any CPU
		{8D50A617-BC63-48E5-9621-5471DDCE29CC}.Release|Any CPU.ActiveCfg = Release|Any CPU
		{8D50A617-BC63-48E5-9621-5471DDCE29CC}.Release|Any CPU.Build.0 = Release|Any CPU
	EndGlobalSection
	GlobalSection(SolutionProperties) = preSolution
		HideSolutionNode = FALSE
	EndGlobalSection
EndGlobal
